// !$*UTF8*$!
{
	archiveVersion = 1;
	classes = {
	};
	objectVersion = 50;
	objects = {

/* Begin PBXBuildFile section */
		28A287A620E530F5003B5CB8 /* MacShutDownCommand.m in Sources */ = {isa = PBXBuildFile; fileRef = 28A287A520E530F5003B5CB8 /* MacShutDownCommand.m */; };
		28A287A920E53108003B5CB8 /* MacStartUpCommand.m in Sources */ = {isa = PBXBuildFile; fileRef = 28A287A820E53108003B5CB8 /* MacStartUpCommand.m */; };
		28A287AC20E53121003B5CB8 /* MacComputer.m in Sources */ = {isa = PBXBuildFile; fileRef = 28A287AB20E53121003B5CB8 /* MacComputer.m */; };
		28A287AF20E5312C003B5CB8 /* MacInvoker.m in Sources */ = {isa = PBXBuildFile; fileRef = 28A287AE20E5312C003B5CB8 /* MacInvoker.m */; };
		28A287B320E53506003B5CB8 /* TetrisMachine.m in Sources */ = {isa = PBXBuildFile; fileRef = 28A287B220E53506003B5CB8 /* TetrisMachine.m */; };
		28A287B720E5352A003B5CB8 /* TMLeftCommand.m in Sources */ = {isa = PBXBuildFile; fileRef = 28A287B620E5352A003B5CB8 /* TMLeftCommand.m */; };
		28A287BA20E53534003B5CB8 /* TMRightCommand.m in Sources */ = {isa = PBXBuildFile; fileRef = 28A287B920E53534003B5CB8 /* TMRightCommand.m */; };
		28A287BD20E5353F003B5CB8 /* TMTransformCommand.m in Sources */ = {isa = PBXBuildFile; fileRef = 28A287BC20E5353F003B5CB8 /* TMTransformCommand.m */; };
		28A287C020E53549003B5CB8 /* TetrisMachineManager.m in Sources */ = {isa = PBXBuildFile; fileRef = 28A287BF20E53549003B5CB8 /* TetrisMachineManager.m */; };
		28C7CB6120E52FD20019FDDA /* main.m in Sources */ = {isa = PBXBuildFile; fileRef = 28C7CB6020E52FD20019FDDA /* main.m */; };
/* End PBXBuildFile section */

/* Begin PBXCopyFilesBuildPhase section */
		28C7CB5B20E52FD20019FDDA /* CopyFiles */ = {
			isa = PBXCopyFilesBuildPhase;
			buildActionMask = 2147483647;
			dstPath = /usr/share/man/man1/;
			dstSubfolderSpec = 0;
			files = (
			);
			runOnlyForDeploymentPostprocessing = 1;
		};
/* End PBXCopyFilesBuildPhase section */

/* Begin PBXFileReference section */
		28A287A420E530F5003B5CB8 /* MacShutDownCommand.h */ = {isa = PBXFileReference; lastKnownFileType = sourcecode.c.h; path = MacShutDownCommand.h; sourceTree = "<group>"; };
		28A287A520E530F5003B5CB8 /* MacShutDownCommand.m */ = {isa = PBXFileReference; lastKnownFileType = sourcecode.c.objc; path = MacShutDownCommand.m; sourceTree = "<group>"; };
		28A287A720E53108003B5CB8 /* MacStartUpCommand.h */ = {isa = PBXFileReference; lastKnownFileType = sourcecode.c.h; path = MacStartUpCommand.h; sourceTree = "<group>"; };
		28A287A820E53108003B5CB8 /* MacStartUpCommand.m */ = {isa = PBXFileReference; lastKnownFileType = sourcecode.c.objc; path = MacStartUpCommand.m; sourceTree = "<group>"; };
		28A287AA20E53121003B5CB8 /* MacComputer.h */ = {isa = PBXFileReference; lastKnownFileType = sourcecode.c.h; path = MacComputer.h; sourceTree = "<group>"; };
		28A287AB20E53121003B5CB8 /* MacComputer.m */ = {isa = PBXFileReference; lastKnownFileType = sourcecode.c.objc; path = MacComputer.m; sourceTree = "<group>"; };
		28A287AD20E5312C003B5CB8 /* MacInvoker.h */ = {isa = PBXFileReference; lastKnownFileType = sourcecode.c.h; path = MacInvoker.h; sourceTree = "<group>"; };
		28A287AE20E5312C003B5CB8 /* MacInvoker.m */ = {isa = PBXFileReference; lastKnownFileType = sourcecode.c.objc; path = MacInvoker.m; sourceTree = "<group>"; };
		28A287B120E53506003B5CB8 /* TetrisMachine.h */ = {isa = PBXFileReference; lastKnownFileType = sourcecode.c.h; path = TetrisMachine.h; sourceTree = "<group>"; };
		28A287B220E53506003B5CB8 /* TetrisMachine.m */ = {isa = PBXFileReference; lastKnownFileType = sourcecode.c.objc; path = TetrisMachine.m; sourceTree = "<group>"; };
		28A287B420E5351E003B5CB8 /* TMCommandProtocol.h */ = {isa = PBXFileReference; lastKnownFileType = sourcecode.c.h; path = TMCommandProtocol.h; sourceTree = "<group>"; };
		28A287B520E5352A003B5CB8 /* TMLeftCommand.h */ = {isa = PBXFileReference; lastKnownFileType = sourcecode.c.h; path = TMLeftCommand.h; sourceTree = "<group>"; };
		28A287B620E5352A003B5CB8 /* TMLeftCommand.m */ = {isa = PBXFileReference; lastKnownFileType = sourcecode.c.objc; path = TMLeftCommand.m; sourceTree = "<group>"; };
		28A287B820E53534003B5CB8 /* TMRightCommand.h */ = {isa = PBXFileReference; lastKnownFileType = sourcecode.c.h; path = TMRightCommand.h; sourceTree = "<group>"; };
		28A287B920E53534003B5CB8 /* TMRightCommand.m */ = {isa = PBXFileReference; lastKnownFileType = sourcecode.c.objc; path = TMRightCommand.m; sourceTree = "<group>"; };
		28A287BB20E5353F003B5CB8 /* TMTransformCommand.h */ = {isa = PBXFileReference; lastKnownFileType = sourcecode.c.h; path = TMTransformCommand.h; sourceTree = "<group>"; };
		28A287BC20E5353F003B5CB8 /* TMTransformCommand.m */ = {isa = PBXFileReference; lastKnownFileType = sourcecode.c.objc; path = TMTransformCommand.m; sourceTree = "<group>"; };
		28A287BE20E53549003B5CB8 /* TetrisMachineManager.h */ = {isa = PBXFileReference; lastKnownFileType = sourcecode.c.h; path = TetrisMachineManager.h; sourceTree = "<group>"; };
		28A287BF20E53549003B5CB8 /* TetrisMachineManager.m */ = {isa = PBXFileReference; lastKnownFileType = sourcecode.c.objc; path = TetrisMachineManager.m; sourceTree = "<group>"; usesTabs = 0; };
		28C7CB5D20E52FD20019FDDA /* CommandPattern_01 */ = {isa = PBXFileReference; explicitFileType = "compiled.mach-o.executable"; includeInIndex = 0; path = CommandPattern_01; sourceTree = BUILT_PRODUCTS_DIR; };
		28C7CB6020E52FD20019FDDA /* main.m */ = {isa = PBXFileReference; lastKnownFileType = sourcecode.c.objc; path = main.m; sourceTree = "<group>"; };
		28C7CB6820E530090019FDDA /* ComputerCommandProtocol.h */ = {isa = PBXFileReference; lastKnownFileType = sourcecode.c.h; path = ComputerCommandProtocol.h; sourceTree = "<group>"; };
/* End PBXFileReference section */

/* Begin PBXFrameworksBuildPhase section */
		28C7CB5A20E52FD20019FDDA /* Frameworks */ = {
			isa = PBXFrameworksBuildPhase;
			buildActionMask = 2147483647;
			files = (
			);
			runOnlyForDeploymentPostprocessing = 0;
		};
/* End PBXFrameworksBuildPhase section */

/* Begin PBXGroup section */
		28A287B020E534F4003B5CB8 /* simple2 */ = {
			isa = PBXGroup;
			children = (
				28A287B120E53506003B5CB8 /* TetrisMachine.h */,
				28A287B220E53506003B5CB8 /* TetrisMachine.m */,
				28A287B420E5351E003B5CB8 /* TMCommandProtocol.h */,
				28A287B520E5352A003B5CB8 /* TMLeftCommand.h */,
				28A287B620E5352A003B5CB8 /* TMLeftCommand.m */,
				28A287B820E53534003B5CB8 /* TMRightCommand.h */,
				28A287B920E53534003B5CB8 /* TMRightCommand.m */,
				28A287BB20E5353F003B5CB8 /* TMTransformCommand.h */,
				28A287BC20E5353F003B5CB8 /* TMTransformCommand.m */,
				28A287BE20E53549003B5CB8 /* TetrisMachineManager.h */,
				28A287BF20E53549003B5CB8 /* TetrisMachineManager.m */,
			);
			path = simple2;
			sourceTree = "<group>";
		};
		28C7CB5420E52FD20019FDDA = {
			isa = PBXGroup;
			children = (
				28C7CB5F20E52FD20019FDDA /* CommandPattern_01 */,
				28C7CB5E20E52FD20019FDDA /* Products */,
			);
			sourceTree = "<group>";
		};
		28C7CB5E20E52FD20019FDDA /* Products */ = {
			isa = PBXGroup;
			children = (
				28C7CB5D20E52FD20019FDDA /* CommandPattern_01 */,
			);
			name = Products;
			sourceTree = "<group>";
		};
		28C7CB5F20E52FD20019FDDA /* CommandPattern_01 */ = {
			isa = PBXGroup;
			children = (
				28A287B020E534F4003B5CB8 /* simple2 */,
				28C7CB6720E52FDA0019FDDA /* simple1 */,
				28C7CB6020E52FD20019FDDA /* main.m */,
			);
			path = CommandPattern_01;
			sourceTree = "<group>";
		};
		28C7CB6720E52FDA0019FDDA /* simple1 */ = {
			isa = PBXGroup;
			children = (
				28C7CB6820E530090019FDDA /* ComputerCommandProtocol.h */,
				28A287A420E530F5003B5CB8 /* MacShutDownCommand.h */,
				28A287A520E530F5003B5CB8 /* MacShutDownCommand.m */,
				28A287A720E53108003B5CB8 /* MacStartUpCommand.h */,
				28A287A820E53108003B5CB8 /* MacStartUpCommand.m */,
				28A287AA20E53121003B5CB8 /* MacComputer.h */,
				28A287AB20E53121003B5CB8 /* MacComputer.m */,
				28A287AD20E5312C003B5CB8 /* MacInvoker.h */,
				28A287AE20E5312C003B5CB8 /* MacInvoker.m */,
			);
			path = simple1;
			sourceTree = "<group>";
		};
/* End PBXGroup section */

/* Begin PBXNativeTarget section */
		28C7CB5C20E52FD20019FDDA /* CommandPattern_01 */ = {
			isa = PBXNativeTarget;
			buildConfigurationList = 28C7CB6420E52FD20019FDDA /* Build configuration list for PBXNativeTarget "CommandPattern_01" */;
			buildPhases = (
				28C7CB5920E52FD20019FDDA /* Sources */,
				28C7CB5A20E52FD20019FDDA /* Frameworks */,
				28C7CB5B20E52FD20019FDDA /* CopyFiles */,
			);
			buildRules = (
			);
			dependencies = (
			);
			name = CommandPattern_01;
			productName = CommandPattern_01;
			productReference = 28C7CB5D20E52FD20019FDDA /* CommandPattern_01 */;
			productType = "com.apple.product-type.tool";
		};
/* End PBXNativeTarget section */

/* Begin PBXProject section */
		28C7CB5520E52FD20019FDDA /* Project object */ = {
			isa = PBXProject;
			attributes = {
				LastUpgradeCheck = 1000;
				ORGANIZATIONNAME = zhoulin;
				TargetAttributes = {
					28C7CB5C20E52FD20019FDDA = {
						CreatedOnToolsVersion = 10.0;
					};
				};
			};
			buildConfigurationList = 28C7CB5820E52FD20019FDDA /* Build configuration list for PBXProject "CommandPattern_01" */;
			compatibilityVersion = "Xcode 9.3";
			developmentRegion = en;
			hasScannedForEncodings = 0;
			knownRegions = (
				en,
			);
			mainGroup = 28C7CB5420E52FD20019FDDA;
			productRefGroup = 28C7CB5E20E52FD20019FDDA /* Products */;
			projectDirPath = "";
			projectRoot = "";
			targets = (
				28C7CB5C20E52FD20019FDDA /* CommandPattern_01 */,
			);
		};
/* End PBXProject section */

/* Begin PBXSourcesBuildPhase section */
		28C7CB5920E52FD20019FDDA /* Sources */ = {
			isa = PBXSourcesBuildPhase;
			buildActionMask = 2147483647;
			files = (
				28A287AC20E53121003B5CB8 /* MacComputer.m in Sources */,
				28A287BA20E53534003B5CB8 /* TMRightCommand.m in Sources */,
				28C7CB6120E52FD20019FDDA /* main.m in Sources */,
				28A287BD20E5353F003B5CB8 /* TMTransformCommand.m in Sources */,
				28A287A920E53108003B5CB8 /* MacStartUpCommand.m in Sources */,
				28A287A620E530F5003B5CB8 /* MacShutDownCommand.m in Sources */,
				28A287C020E53549003B5CB8 /* TetrisMachineManager.m in Sources */,
				28A287B320E53506003B5CB8 /* TetrisMachine.m in Sources */,
				28A287B720E5352A003B5CB8 /* TMLeftCommand.m in Sources */,
				28A287AF20E5312C003B5CB8 /* MacInvoker.m in Sources */,
			);
			runOnlyForDeploymentPostprocessing = 0;
		};
/* End PBXSourcesBuildPhase section */

/* Begin XCBuildConfiguration section */
		28C7CB6220E52FD20019FDDA /* Debug */ = {
			isa = XCBuildConfiguration;
			buildSettings = {
				ALWAYS_SEARCH_USER_PATHS = NO;
				CLANG_ANALYZER_NONNULL = YES;
				CLANG_ANALYZER_NUMBER_OBJECT_CONVERSION = YES_AGGRESSIVE;
				CLANG_CXX_LANGUAGE_STANDARD = "gnu++14";
				CLANG_CXX_LIBRARY = "libc++";
				CLANG_ENABLE_MODULES = YES;
				CLANG_ENABLE_OBJC_ARC = YES;
				CLANG_ENABLE_OBJC_WEAK = YES;
				CLANG_WARN_BLOCK_CAPTURE_AUTORELEASING = YES;
				CLANG_WARN_BOOL_CONVERSION = YES;
				CLANG_WARN_COMMA = YES;
				CLANG_WARN_CONSTANT_CONVERSION = YES;
				CLANG_WARN_DEPRECATED_OBJC_IMPLEMENTATIONS = YES;
				CLANG_WARN_DIRECT_OBJC_ISA_USAGE = YES_ERROR;
				CLANG_WARN_DOCUMENTATION_COMMENTS = YES;
				CLANG_WARN_EMPTY_BODY = YES;
				CLANG_WARN_ENUM_CONVERSION = YES;
				CLANG_WARN_INFINITE_RECURSION = YES;
				CLANG_WARN_INT_CONVERSION = YES;
				CLANG_WARN_NON_LITERAL_NULL_CONVERSION = YES;
				CLANG_WARN_OBJC_IMPLICIT_RETAIN_SELF = YES;
				CLANG_WARN_OBJC_LITERAL_CONVERSION = YES;
				CLANG_WARN_OBJC_ROOT_CLASS = YES_ERROR;
				CLANG_WARN_RANGE_LOOP_ANALYSIS = YES;
				CLANG_WARN_STRICT_PROTOTYPES = YES;
				CLANG_WARN_SUSPICIOUS_MOVE = YES;
				CLANG_WARN_UNGUARDED_AVAILABILITY = YES_AGGRESSIVE;
				CLANG_WARN_UNREACHABLE_CODE = YES;
				CLANG_WARN__DUPLICATE_METHOD_MATCH = YES;
				CODE_SIGN_IDENTITY = "Mac Developer";
				COPY_PHASE_STRIP = NO;
				DEBUG_INFORMATION_FORMAT = dwarf;
				ENABLE_STRICT_OBJC_MSGSEND = YES;
				ENABLE_TESTABILITY = YES;
				GCC_C_LANGUAGE_STANDARD = gnu11;
				GCC_DYNAMIC_NO_PIC = NO;
				GCC_NO_COMMON_BLOCKS = YES;
				GCC_OPTIMIZATION_LEVEL = 0;
				GCC_PREPROCESSOR_DEFINITIONS = (
					"DEBUG=1",
					"$(inherited)",
				);
				GCC_WARN_64_TO_32_BIT_CONVERSION = YES;
				GCC_WARN_ABOUT_RETURN_TYPE = YES_ERROR;
				GCC_WARN_UNDECLARED_SELECTOR = YES;
				GCC_WARN_UNINITIALIZED_AUTOS = YES_AGGRESSIVE;
				GCC_WARN_UNUSED_FUNCTION = YES;
				GCC_WARN_UNUSED_VARIABLE = YES;
				MACOSX_DEPLOYMENT_TARGET = 10.13;
				MTL_ENABLE_DEBUG_INFO = INCLUDE_SOURCE;
				ONLY_ACTIVE_ARCH = YES;
				SDKROOT = macosx;
			};
			name = Debug;
		};
		28C7CB6320E52FD20019FDDA /* Release */ = {
			isa = XCBuildConfiguration;
			buildSettings = {
				ALWAYS_SEARCH_USER_PATHS = NO;
				CLANG_ANALYZER_NONNULL = YES;
				CLANG_ANALYZER_NUMBER_OBJECT_CONVERSION = YES_AGGRESSIVE;
				CLANG_CXX_LANGUAGE_STANDARD = "gnu++14";
				CLANG_CXX_LIBRARY = "libc++";
				CLANG_ENABLE_MODULES = YES;
				CLANG_ENABLE_OBJC_ARC = YES;
				CLANG_ENABLE_OBJC_WEAK = YES;
				CLANG_WARN_BLOCK_CAPTURE_AUTORELEASING = YES;
				CLANG_WARN_BOOL_CONVERSION = YES;
				CLANG_WARN_COMMA = YES;
				CLANG_WARN_CONSTANT_CONVERSION = YES;
				CLANG_WARN_DEPRECATED_OBJC_IMPLEMENTATIONS = YES;
				CLANG_WARN_DIRECT_OBJC_ISA_USAGE = YES_ERROR;
				CLANG_WARN_DOCUMENTATION_COMMENTS = YES;
				CLANG_WARN_EMPTY_BODY = YES;
				CLANG_WARN_ENUM_CONVERSION = YES;
				CLANG_WARN_INFINITE_RECURSION = YES;
				CLANG_WARN_INT_CONVERSION = YES;
				CLANG_WARN_NON_LITERAL_NULL_CONVERSION = YES;
				CLANG_WARN_OBJC_IMPLICIT_RETAIN_SELF = YES;
				CLANG_WARN_OBJC_LITERAL_CONVERSION = YES;
				CLANG_WARN_OBJC_ROOT_CLASS = YES_ERROR;
				CLANG_WARN_RANGE_LOOP_ANALYSIS = YES;
				CLANG_WARN_STRICT_PROTOTYPES = YES;
				CLANG_WARN_SUSPICIOUS_MOVE = YES;
				CLANG_WARN_UNGUARDED_AVAILABILITY = YES_AGGRESSIVE;
				CLANG_WARN_UNREACHABLE_CODE = YES;
				CLANG_WARN__DUPLICATE_METHOD_MATCH = YES;
				CODE_SIGN_IDENTITY = "Mac Developer";
				COPY_PHASE_STRIP = NO;
				DEBUG_INFORMATION_FORMAT = "dwarf-with-dsym";
				ENABLE_NS_ASSERTIONS = NO;
				ENABLE_STRICT_OBJC_MSGSEND = YES;
				GCC_C_LANGUAGE_STANDARD = gnu11;
				GCC_NO_COMMON_BLOCKS = YES;
				GCC_WARN_64_TO_32_BIT_CONVERSION = YES;
				GCC_WARN_ABOUT_RETURN_TYPE = YES_ERROR;
				GCC_WARN_UNDECLARED_SELECTOR = YES;
				GCC_WARN_UNINITIALIZED_AUTOS = YES_AGGRESSIVE;
				GCC_WARN_UNUSED_FUNCTION = YES;
				GCC_WARN_UNUSED_VARIABLE = YES;
				MACOSX_DEPLOYMENT_TARGET = 10.13;
				MTL_ENABLE_DEBUG_INFO = NO;
				SDKROOT = macosx;
			};
			name = Release;
		};
		28C7CB6520E52FD20019FDDA /* Debug */ = {
			isa = XCBuildConfiguration;
			buildSettings = {
				CODE_SIGN_IDENTITY = "Mac Developer";
				CODE_SIGN_STYLE = Automatic;
				DEVELOPMENT_TEAM = 4RTNW8C676;
				PRODUCT_NAME = "$(TARGET_NAME)";
				PROVISIONING_PROFILE_SPECIFIER = "";
			};
			name = Debug;
		};
		28C7CB6620E52FD20019FDDA /* Release */ = {
			isa = XCBuildConfiguration;
			buildSettings = {
				CODE_SIGN_IDENTITY = "Mac Developer";
				CODE_SIGN_STYLE = Automatic;
				DEVELOPMENT_TEAM = 4RTNW8C676;
				PRODUCT_NAME = "$(TARGET_NAME)";
				PROVISIONING_PROFILE_SPECIFIER = "";
			};
			name = Release;
		};
/* End XCBuildConfiguration section */

/* Begin XCConfigurationList section */
		28C7CB5820E52FD20019FDDA /* Build configuration list for PBXProject "CommandPattern_01" */ = {
			isa = XCConfigurationList;
			buildConfigurations = (
				28C7CB6220E52FD20019FDDA /* Debug */,
				28C7CB6320E52FD20019FDDA /* Release */,
			);
			defaultConfigurationIsVisible = 0;
			defaultConfigurationName = Release;
		};
		28C7CB6420E52FD20019FDDA /* Build configuration list for PBXNativeTarget "CommandPattern_01" */ = {
			isa = XCConfigurationList;
			buildConfigurations = (
				28C7CB6520E52FD20019FDDA /* Debug */,
				28C7CB6620E52FD20019FDDA /* Release */,
			);
			defaultConfigurationIsVisible = 0;
			defaultConfigurationName = Release;
		};
/* End XCConfigurationList section */
	};
	rootObject = 28C7CB5520E52FD20019FDDA /* Project object */;
}
